
Microsoft Visual Studio Solution File, Format Version 12.00
# Visual Studio Version 17
VisualStudioVersion = 17.9.34902.65
MinimumVisualStudioVersion = 10.0.40219.1
Project("{9A19103F-16F7-4668-BE54-9A1E7A4F7556}") = "YoutubeDownloader.Services", "YoutubeDownloader.Services\YoutubeDownloader.Services.csproj", "{EF53BD65-DD9B-4036-98BF-1F1D73F3E799}"
EndProject
Project("{9A19103F-16F7-4668-BE54-9A1E7A4F7556}") = "YoutubeDownloader.Validation", "YoutubeDownloader.Validation\YoutubeDownloader.Validation.csproj", "{DD56F40B-8178-4030-8DB3-2E459EDA78DF}"
EndProject
Project("{FAE04EC0-301F-11D3-BF4B-00C04F79EFBC}") = "YoutubeDownloader.MauiApplication", "YoutubeDownloader.MauiApplication\YoutubeDownloader.MauiApplication.csproj", "{F4F15876-70C5-44F0-A61C-5BB8DC6358B1}"
EndProject
Global
	GlobalSection(SolutionConfigurationPlatforms) = preSolution
		Debug|Any CPU = Debug|Any CPU
		Release|Any CPU = Release|Any CPU
	EndGlobalSection
	GlobalSection(ProjectConfigurationPlatforms) = postSolution
		{EF53BD65-DD9B-4036-98BF-1F1D73F3E799}.Debug|Any CPU.ActiveCfg = Debug|Any CPU
		{EF53BD65-DD9B-4036-98BF-1F1D73F3E799}.Debug|Any CPU.Build.0 = Debug|Any CPU
		{EF53BD65-DD9B-4036-98BF-1F1D73F3E799}.Release|Any CPU.ActiveCfg = Release|Any CPU
		{EF53BD65-DD9B-4036-98BF-1F1D73F3E799}.Release|Any CPU.Build.0 = Release|Any CPU
		{DD56F40B-8178-4030-8DB3-2E459EDA78DF}.Debug|Any CPU.ActiveCfg = Debug|Any CPU
		{DD56F40B-8178-4030-8DB3-2E459EDA78DF}.Debug|Any CPU.Build.0 = Debug|Any CPU
		{DD56F40B-8178-4030-8DB3-2E459EDA78DF}.Release|Any CPU.ActiveCfg = Release|Any CPU
		{DD56F40B-8178-4030-8DB3-2E459EDA78DF}.Release|Any CPU.Build.0 = Release|Any CPU
		{F4F15876-70C5-44F0-A61C-5BB8DC6358B1}.Debug|Any CPU.ActiveCfg = Debug|Any CPU
		{F4F15876-70C5-44F0-A61C-5BB8DC6358B1}.Debug|Any CPU.Build.0 = Debug|Any CPU
		{F4F15876-70C5-44F0-A61C-5BB8DC6358B1}.Debug|Any CPU.Deploy.0 = Debug|Any CPU
		{F4F15876-70C5-44F0-A61C-5BB8DC6358B1}.Release|Any CPU.ActiveCfg = Release|Any CPU
		{F4F15876-70C5-44F0-A61C-5BB8DC6358B1}.Release|Any CPU.Build.0 = Release|Any CPU
		{F4F15876-70C5-44F0-A61C-5BB8DC6358B1}.Release|Any CPU.Deploy.0 = Release|Any CPU
	EndGlobalSection
	GlobalSection(SolutionProperties) = preSolution
		HideSolutionNode = FALSE
	EndGlobalSection
	GlobalSection(ExtensibilityGlobals) = postSolution
		SolutionGuid = {5B50B8A8-41A1-4717-95A5-A4CF9944896A}
	EndGlobalSection
EndGlobal
